
Microsoft Visual Studio Solution File, Format Version 12.00
# Visual Studio 15
VisualStudioVersion = 15.0.27428.2043
MinimumVisualStudioVersion = 10.0.40219.1
Project("{FAE04EC0-301F-11D3-BF4B-00C04F79EFBC}") = "Hashnamer", "Hashnamer\Hashnamer.csproj", "{8F87477C-06B9-463B-BAC9-6229A85380EB}"
EndProject
Global
	GlobalSection(SolutionConfigurationPlatforms) = preSolution
		Debug|Any CPU = Debug|Any CPU
		Release|Any CPU = Release|Any CPU
	EndGlobalSection
	GlobalSection(ProjectConfigurationPlatforms) = postSolution
		{8F87477C-06B9-463B-BAC9-6229A85380EB}.Debug|Any CPU.ActiveCfg = Debug|Any CPU
		{8F87477C-06B9-463B-BAC9-6229A85380EB}.Debug|Any CPU.Build.0 = Debug|Any CPU
		{8F87477C-06B9-463B-BAC9-6229A85380EB}.Release|Any CPU.ActiveCfg = Release|Any CPU
		{8F87477C-06B9-463B-BAC9-6229A85380EB}.Release|Any CPU.Build.0 = Release|Any CPU
	EndGlobalSection
	GlobalSection(SolutionProperties) = preSolution
		HideSolutionNode = FALSE
	EndGlobalSection
	GlobalSection(ExtensibilityGlobals) = postSolution
		SolutionGuid = {79838215-F818-4C81-A168-E031BB841E65}
	EndGlobalSection
EndGlobal
